{
  "originHash" : "030e87e27d40399ef6b059572a04cef2cb639a547a015543f52425531b244575",
  "pins" : [
    {
      "identity" : "item-navigator",
      "kind" : "remoteSourceControl",
      "location" : "https://github.com/shvets/item-navigator",
      "state" : {
        "revision" : "6c25e8e56ba8e498af7764a7e9da1c66e9e714b8",
        "version" : "1.1.0"
      }
    },
    {
      "identity" : "media-player",
      "kind" : "remoteSourceControl",
      "location" : "https://github.com/shvets/media-player",
      "state" : {
        "revision" : "6fbda580c05f2de471116b3047131f9c702dd62a",
        "version" : "2.1.0"
      }
    },
    {
      "identity" : "swift-ui-commons",
      "kind" : "remoteSourceControl",
      "location" : "https://github.com/shvets/swift-ui-commons",
      "state" : {
        "revision" : "851970a61836d01fd65b3e6c3ae69e8df03d77c7",
        "version" : "1.0.1"
      }
    }
  ],
  "version" : 3
}
