{
  "pins" : [
    {
      "identity" : "item-navigator",
      "kind" : "remoteSourceControl",
      "location" : "https://github.com/shvets/item-navigator",
      "state" : {
        "revision" : "ebbc5812c6c6f1b2bf0e9bd8e724dc0043d76163",
        "version" : "1.0.7"
      }
    },
    {
      "identity" : "media-player",
      "kind" : "remoteSourceControl",
      "location" : "https://github.com/shvets/media-player",
      "state" : {
        "revision" : "ca61ffdb76068f3012c00e92f565f2c0703b8440",
        "version" : "2.0.3"
      }
    },
    {
      "identity" : "swift-ui-commons",
      "kind" : "remoteSourceControl",
      "location" : "https://github.com/shvets/swift-ui-commons",
      "state" : {
        "revision" : "851970a61836d01fd65b3e6c3ae69e8df03d77c7",
        "version" : "1.0.1"
      }
    }
  ],
  "version" : 2
}
